
Microsoft Visual Studio Solution File, Format Version 12.00
# Visual Studio Version 16
VisualStudioVersion = 16.0.31205.134
MinimumVisualStudioVersion = 10.0.40219.1
Project("{FAE04EC0-301F-11D3-BF4B-00C04F79EFBC}") = "_00_Json", "_00_Json\_00_Json.csproj", "{93D322E4-920B-4AC2-9124-9DB5B0228AFC}"
EndProject
Global
	GlobalSection(SolutionConfigurationPlatforms) = preSolution
		Debug|Any CPU = Debug|Any CPU
		Release|Any CPU = Release|Any CPU
	EndGlobalSection
	GlobalSection(ProjectConfigurationPlatforms) = postSolution
		{93D322E4-920B-4AC2-9124-9DB5B0228AFC}.Debug|Any CPU.ActiveCfg = Debug|Any CPU
		{93D322E4-920B-4AC2-9124-9DB5B0228AFC}.Debug|Any CPU.Build.0 = Debug|Any CPU
		{93D322E4-920B-4AC2-9124-9DB5B0228AFC}.Release|Any CPU.ActiveCfg = Release|Any CPU
		{93D322E4-920B-4AC2-9124-9DB5B0228AFC}.Release|Any CPU.Build.0 = Release|Any CPU
	EndGlobalSection
	GlobalSection(SolutionProperties) = preSolution
		HideSolutionNode = FALSE
	EndGlobalSection
	GlobalSection(ExtensibilityGlobals) = postSolution
		SolutionGuid = {304D71C5-5B72-4E3C-BB0A-A61C2E4089A9}
	EndGlobalSection
EndGlobal
